
Microsoft Visual Studio Solution File, Format Version 12.00
# Visual Studio Version 17
VisualStudioVersion = 17.11.35222.181
MinimumVisualStudioVersion = 10.0.40219.1
Project("{FAE04EC0-301F-11D3-BF4B-00C04F79EFBC}") = "CasaBackend", "CasaBackend.csproj", "{57A8B651-3D0B-4735-B44C-9708E7379520}"
EndProject
Global
	GlobalSection(SolutionConfigurationPlatforms) = preSolution
		Debug|Any CPU = Debug|Any CPU
		Release|Any CPU = Release|Any CPU
	EndGlobalSection
	GlobalSection(ProjectConfigurationPlatforms) = postSolution
		{57A8B651-3D0B-4735-B44C-9708E7379520}.Debug|Any CPU.ActiveCfg = Debug|Any CPU
		{57A8B651-3D0B-4735-B44C-9708E7379520}.Debug|Any CPU.Build.0 = Debug|Any CPU
		{57A8B651-3D0B-4735-B44C-9708E7379520}.Release|Any CPU.ActiveCfg = Release|Any CPU
		{57A8B651-3D0B-4735-B44C-9708E7379520}.Release|Any CPU.Build.0 = Release|Any CPU
	EndGlobalSection
	GlobalSection(SolutionProperties) = preSolution
		HideSolutionNode = FALSE
	EndGlobalSection
	GlobalSection(ExtensibilityGlobals) = postSolution
		SolutionGuid = {78A41074-EFAC-48A6-9D4D-47478019F62E}
	EndGlobalSection
EndGlobal
